github.com/cespare/xxhash/v2 v2.3.0 h1:UL815xU9SqsFlibXuggOjVoNz2sS1z7t7pR3W5HExnI=
github.com/cespare/xxhash/v2 v2.3.0/go.mod h1:VGX0DQ3V6NQSa67A+dN3ajRRQpb0RBXoQdStt9oR9Fk=
github.com/davecgh/go-spew v1.1.1 h1:vj9yFLX65RyaQ6V7J0G60mf7o0Hn6mYqXYQ4TGBEqJ4=
github.com/davecgh/go-spew v1.1.1/go.mod h1:J7Y8YcW2Nih5mNo/iziaCYH5Wn4o8Gl7gOk+Ub5Npxs=
github.com/dgryski/go-rendezvous v0.0.0-20200823014737-9f7001d12a5f h1:lO4WD4F/2q3bQ7q6VQzChP1PnFC1V4P71FHHevx51UU=
github.com/dgryski/go-rendezvous v0.0.0-20200823014737-9f7001d12a5f/go.mod h1:ZUoKinh+WFOoO9Mjd1MKxKHEGiJMFN9K3VjJ8IhEOM8=
github.com/google/go-cmp v0.6.0 h1:ofyhxvXcZhMsU5ewb4LLSmNVkAUnG2POXDqIGliZZDE=
github.com/google/go-cmp v0.6.0/go.mod h1:17dUlkBOakJ0Zh+WtZ18svwIpuxI2qGAQEvuICI3GsE=
github.com/jackc/pgpassfile v1.0.0 h1:Y6/2jA4aWpSibv8J3nKm3H0bQ70Q4o2JY+Xp3Fk+2wU=
github.com/jackc/pgpassfile v1.0.0/go.mod h1:T6iHY0q5P/BbXB5pMqVjH1gRWG5WcQVTjGCZ5YBY0ok=
github.com/jackc/pgservicefile v0.0.0-20240606120523-5a60cdf6a761 h1:JFf+7l2IM4pRFNFqQ8qYo9eH62WQ09xkEgcNkX1vOk=
github.com/jackc/pgservicefile v0.0.0-20240606120523-5a60cdf6a761/go.mod h1:bMv9Pwd1QO9bNz0wFqJjP0NlG0VPCN8qNFZ/SSfN+fY=
github.com/jackc/pgx/v5 v5.7.1 h1:26kAdMvma1O02G2wC2XOD2Rk4wWKilSR1lI7RMYqR9k=
github.com/jackc/pgx/v5 v5.7.1/go.mod h1:ilohT0gO4dZcIzpGYkfa0fMIGUa7nOS7voZ+5q5BHoE=
github.com/jackc/puddle/v2 v2.2.2 h1:xCA0FRR0VUIGIQ7S+r7uL1Nd1MKUkj3jYN1ZHnYqTJU=
github.com/jackc/puddle/v2 v2.2.2/go.mod h1:j0VJXJ2yxSdndpQbcRdJLZbFQx1FH8F0FEM3f5Qb3rA=
github.com/pmezard/go-difflib v1.0.0 h1:4DBwVE095m8jJM2ti0j1J3aN+njFqF0A4N0qJ4Tb6HY=
github.com/pmezard/go-difflib v1.0.0/go.mod h1:iKH77koFhYxTM15gylI2jKq2b77qYoJ7RW2S6Fqxf4k=
github.com/redis/go-redis/v9 v9.7.0 h1:JUD1G2bGTYtIbNQTf0p5LKF+6jICz1Y1apK2bE9sGDo=
github.com/redis/go-redis/v9 v9.7.0/go.mod h1:hBd1MExLlOWMq5O9HoYTZ4CER7q1M7l5MgdMcn30HlQ=
github.com/stretchr/testify v1.9.0 h1:HtqpQodiQawj3VOIsNcS0e0p1k3VKlJeGdkp05FSB7Q=
github.com/stretchr/testify v1.9.0/go.mod h1:AslLeisPaMn87G0djHLWN76RS7j75MIBnDAaIeOobJQ0=
golang.org/x/crypto v0.28.0 h1:GBdws2I+y16/T1voplRAJWGH+7ZI1NCE1Y5H0+pQEMU=
golang.org/x/crypto v0.28.0/go.mod h1:4ahFkUDXzWnxOH6P3MCFhk1ja7pLHBkGDFk7H0ipQj8=
golang.org/x/net v0.30.0 h1:Acw1zm9jqF7K3CbWvKHfmr8xZ0x6bRDiT6jF2B0dgYo=
golang.org/x/net v0.30.0/go.mod h1:/gG+20jHM1MedRDBg7+0R6+Ez8P2J7Q5vQ1lV+UXqM4=
golang.org/x/sync v0.8.0 h1:3NFvSEYkauo78Cw3f4IF4VF9hqo0oaBH9TR3JFnqYQQ=
golang.org/x/sync v0.8.0/go.mod h1:C2F1gXH4sJo8CRIqhGaKMCSKHs178jQhRqosCN4JbwQ=
golang.org/x/sys v0.26.0 h1:KSIdE5uV/Q2PYnRo5E60Pe5bnkeHNlJbGzlF8b1J22s=
golang.org/x/sys v0.26.0/go.mod h1:cOF7+yj+2/+PFSOe+yDlebr5KyODXLQ2TfGNQ23bKGQY=
golang.org/x/text v0.19.0 h1:KAr+8YSZ06s5uYU1M37N3LR09dQ7+C6QL3jF9F/QALI=
golang.org/x/text v0.19.0/go.mod h1:FqpUW1JMDIlUvMGBENBG3P4ET14M3ME/yjsa27C5C6w=
google.golang.org/genproto/googleapis/rpc v0.0.0-20241015192408-796eee8c2d53 h1:3R8w9vUbyMgLoUk2d2nLm3nC9NHGF01lIW41QqMaQ3c=
google.golang.org/genproto/googleapis/rpc v0.0.0-20241015192408-796eee8c2d53/go.mod h1:GX32v6MwXs2FCb6BnFE8SP1a8J7f03G5dCCBXkBjvYc=
google.golang.org/grpc v1.67.1 h1:zWnc1LrDO1JMj7t5ijE4OtG7kXg3YPfD0Jwk8IqW5o=
google.golang.org/grpc v1.67.1/go.mod h1:/lRBStqc/iPChOBV1x8yFKEGi2qh66TqQ7U7g3dn47s=
google.golang.org/protobuf v1.35.1 h1:mTgKkENdYq0p96FN3wM5mR4UnVMETiKOY0XvAoGEJTM=
google.golang.org/protobuf v1.35.1/go.mod h1:9A2aq5sO2UbLRgtSZMU1lXt6mk3vNo0zV9E1bY1jFDQ=
gopkg.in/yaml.v3 v3.0.1 h1:FXqUGJ5oX9jXABGCsh6vUL1IbnN0m5GqMDo8dL0qNtQ=
gopkg.in/yaml.v3 v3.0.1/go.mod h1:K4uyk7z7BCEPqu6E+C64Yfv1cQ7kz7rIZviUmN+EgEM=
